
Microsoft Visual Studio Solution File, Format Version 12.00
# Visual Studio 15
VisualStudioVersion = 15.0.26228.9
MinimumVisualStudioVersion = 10.0.40219.1
Project("{9A19103F-16F7-4668-BE54-9A1E7A4F7556}") = "Dashboard", "Dashboard.csproj", "{704F7479-01F3-4DB2-8974-77AEDD4E1976}"
EndProject
Global
	GlobalSection(SolutionConfigurationPlatforms) = preSolution
		Debug|Any CPU = Debug|Any CPU
		Release|Any CPU = Release|Any CPU
	EndGlobalSection
	GlobalSection(ProjectConfigurationPlatforms) = postSolution
		{704F7479-01F3-4DB2-8974-77AEDD4E1976}.Debug|Any CPU.ActiveCfg = Debug|Any CPU
		{704F7479-01F3-4DB2-8974-77AEDD4E1976}.Debug|Any CPU.Build.0 = Debug|Any CPU
		{704F7479-01F3-4DB2-8974-77AEDD4E1976}.Release|Any CPU.ActiveCfg = Release|Any CPU
		{704F7479-01F3-4DB2-8974-77AEDD4E1976}.Release|Any CPU.Build.0 = Release|Any CPU
	EndGlobalSection
	GlobalSection(SolutionProperties) = preSolution
		HideSolutionNode = FALSE
	EndGlobalSection
EndGlobal
